
Microsoft Visual Studio Solution File, Format Version 12.00
# Visual Studio 15
VisualStudioVersion = 15.0.28307.421
MinimumVisualStudioVersion = 10.0.40219.1
Project("{8BC9CEB8-8B4A-11D0-8D11-00A0C91BC942}") = "BIG_Project", "project_code\BIG_Project.vcxproj", "{6F74706A-1D22-4D38-9A5D-7D3375A3DF2D}"
EndProject
Global
	GlobalSection(SolutionConfigurationPlatforms) = preSolution
		Debug|VisualGDB = Debug|VisualGDB
		Release|VisualGDB = Release|VisualGDB
	EndGlobalSection
	GlobalSection(ProjectConfigurationPlatforms) = postSolution
		{6F74706A-1D22-4D38-9A5D-7D3375A3DF2D}.Debug|VisualGDB.ActiveCfg = Debug|VisualGDB
		{6F74706A-1D22-4D38-9A5D-7D3375A3DF2D}.Debug|VisualGDB.Build.0 = Debug|VisualGDB
		{6F74706A-1D22-4D38-9A5D-7D3375A3DF2D}.Release|VisualGDB.ActiveCfg = Release|VisualGDB
		{6F74706A-1D22-4D38-9A5D-7D3375A3DF2D}.Release|VisualGDB.Build.0 = Release|VisualGDB
	EndGlobalSection
	GlobalSection(SolutionProperties) = preSolution
		HideSolutionNode = FALSE
	EndGlobalSection
	GlobalSection(ExtensibilityGlobals) = postSolution
		SolutionGuid = {FEC0CC4D-418E-485F-8577-B140A794A0F3}
	EndGlobalSection
EndGlobal
